PODS:
  - Tor (408.14.1):
    - Tor/CTor (= 408.14.1)
  - Tor/Core (408.14.1)
  - Tor/CTor (408.14.1):
    - Tor/Core

DEPENDENCIES:
  - Tor

SPEC REPOS:
  trunk:
    - Tor

SPEC CHECKSUMS:
  Tor: e37a153222ca73ca10a7fe80d1a543b8cc009da8

PODFILE CHECKSUM: 08c5843b95f130b4365f9e1b4a372f936ca694ca

COCOAPODS: 1.16.2
